
Microsoft Visual Studio Solution File, Format Version 12.00
# Visual Studio Version 17
VisualStudioVersion = 17.7.34024.191
MinimumVisualStudioVersion = 10.0.40219.1
Project("{FAE04EC0-301F-11D3-BF4B-00C04F79EFBC}") = "Namespace-DLL-HOMEWORKS", "Namespace-DLL-HOMEWORKS\Namespace-DLL-HOMEWORKS.csproj", "{B698FF48-C546-4F4C-8E47-2BB6B037E9BA}"
EndProject
Project("{FAE04EC0-301F-11D3-BF4B-00C04F79EFBC}") = "Domain", "Domain\Domain.csproj", "{EB63BBC5-433A-4A2D-8153-03CC3EF6E51A}"
EndProject
Project("{FAE04EC0-301F-11D3-BF4B-00C04F79EFBC}") = "Service", "Service\Service.csproj", "{1875404F-8B1D-4A52-AAD3-F7AA86541CF6}"
EndProject
Global
	GlobalSection(SolutionConfigurationPlatforms) = preSolution
		Debug|Any CPU = Debug|Any CPU
		Release|Any CPU = Release|Any CPU
	EndGlobalSection
	GlobalSection(ProjectConfigurationPlatforms) = postSolution
		{B698FF48-C546-4F4C-8E47-2BB6B037E9BA}.Debug|Any CPU.ActiveCfg = Debug|Any CPU
		{B698FF48-C546-4F4C-8E47-2BB6B037E9BA}.Debug|Any CPU.Build.0 = Debug|Any CPU
		{B698FF48-C546-4F4C-8E47-2BB6B037E9BA}.Release|Any CPU.ActiveCfg = Release|Any CPU
		{B698FF48-C546-4F4C-8E47-2BB6B037E9BA}.Release|Any CPU.Build.0 = Release|Any CPU
		{EB63BBC5-433A-4A2D-8153-03CC3EF6E51A}.Debug|Any CPU.ActiveCfg = Debug|Any CPU
		{EB63BBC5-433A-4A2D-8153-03CC3EF6E51A}.Debug|Any CPU.Build.0 = Debug|Any CPU
		{EB63BBC5-433A-4A2D-8153-03CC3EF6E51A}.Release|Any CPU.ActiveCfg = Release|Any CPU
		{EB63BBC5-433A-4A2D-8153-03CC3EF6E51A}.Release|Any CPU.Build.0 = Release|Any CPU
		{1875404F-8B1D-4A52-AAD3-F7AA86541CF6}.Debug|Any CPU.ActiveCfg = Debug|Any CPU
		{1875404F-8B1D-4A52-AAD3-F7AA86541CF6}.Debug|Any CPU.Build.0 = Debug|Any CPU
		{1875404F-8B1D-4A52-AAD3-F7AA86541CF6}.Release|Any CPU.ActiveCfg = Release|Any CPU
		{1875404F-8B1D-4A52-AAD3-F7AA86541CF6}.Release|Any CPU.Build.0 = Release|Any CPU
	EndGlobalSection
	GlobalSection(SolutionProperties) = preSolution
		HideSolutionNode = FALSE
	EndGlobalSection
	GlobalSection(ExtensibilityGlobals) = postSolution
		SolutionGuid = {8B084857-B3FE-48A6-89CC-48B36EBA081E}
	EndGlobalSection
EndGlobal
